
Microsoft Visual Studio Solution File, Format Version 12.00
# Visual Studio Version 17
VisualStudioVersion = 17.11.35327.3
MinimumVisualStudioVersion = 10.0.40219.1
Project("{FAE04EC0-301F-11D3-BF4B-00C04F79EFBC}") = "Jam4Mod", "Jam4Mod\Jam4Mod.csproj", "{8267330B-318A-41CD-83E2-88E5E6DBBF16}"
EndProject
Global
	GlobalSection(SolutionConfigurationPlatforms) = preSolution
		Debug|Any CPU = Debug|Any CPU
		Release|Any CPU = Release|Any CPU
		ForUnity|Any CPU = ForUnity|Any CPU
	EndGlobalSection
	GlobalSection(ProjectConfigurationPlatforms) = postSolution
		{8267330B-318A-41CD-83E2-88E5E6DBBF16}.Release|Any CPU.ActiveCfg = Release|Any CPU
		{8267330B-318A-41CD-83E2-88E5E6DBBF16}.Release|Any CPU.Build.0 = Release|Any CPU
		{8267330B-318A-41CD-83E2-88E5E6DBBF16}.Debug|Any CPU.ActiveCfg = ForUnity|Any CPU
		{8267330B-318A-41CD-83E2-88E5E6DBBF16}.Debug|Any CPU.Build.0 = ForUnity|Any CPU
		{8267330B-318A-41CD-83E2-88E5E6DBBF16}.ForUnity|Any CPU.ActiveCfg = ForUnity|Any CPU
		{8267330B-318A-41CD-83E2-88E5E6DBBF16}.ForUnity|Any CPU.Build.0 = ForUnity|Any CPU
	EndGlobalSection
	GlobalSection(SolutionProperties) = preSolution
		HideSolutionNode = FALSE
	EndGlobalSection
	GlobalSection(ExtensibilityGlobals) = postSolution
		SolutionGuid = {7217C010-CCB3-4725-9653-864E032D6E6B}
	EndGlobalSection
EndGlobal
